{
  "name": "workspace",
  "lockfileVersion": 3,
  "requires": true,
  "packages": {
    "": {
      "dependencies": {
        "@sentiolabs/pi-frontend-design": "^0.1.1"
      }
    },
    "node_modules/@sentiolabs/pi-frontend-design": {
      "version": "0.1.1",
      "resolved": "https://registry.npmjs.org/@sentiolabs/pi-frontend-design/-/pi-frontend-design-0.1.1.tgz",
      "integrity": "sha512-XRgimdzO448J6Q9Mjm8hcmEWdhFSluehoNYBLr2qXDNUaIR4bzR/BaKHTrNWJSWKVGbsifHTFtW10nYKVDWV5A==",
      "license": "Apache-2.0",
      "engines": {
        "node": ">=24.0.0"
      }
    }
  }
}
